
Microsoft Visual Studio Solution File, Format Version 12.00
# Visual Studio Version 16
VisualStudioVersion = 16.0.30011.22
MinimumVisualStudioVersion = 10.0.40219.1
Project("{FAE04EC0-301F-11D3-BF4B-00C04F79EFBC}") = "Compiler", "Compiler\Compiler.csproj", "{8734843F-E943-4BF3-8E3F-91773DAEB59D}"
EndProject
Global
	GlobalSection(SolutionConfigurationPlatforms) = preSolution
		Debug|Any CPU = Debug|Any CPU
		Release|Any CPU = Release|Any CPU
	EndGlobalSection
	GlobalSection(ProjectConfigurationPlatforms) = postSolution
		{8734843F-E943-4BF3-8E3F-91773DAEB59D}.Debug|Any CPU.ActiveCfg = Debug|Any CPU
		{8734843F-E943-4BF3-8E3F-91773DAEB59D}.Debug|Any CPU.Build.0 = Debug|Any CPU
		{8734843F-E943-4BF3-8E3F-91773DAEB59D}.Release|Any CPU.ActiveCfg = Release|Any CPU
		{8734843F-E943-4BF3-8E3F-91773DAEB59D}.Release|Any CPU.Build.0 = Release|Any CPU
	EndGlobalSection
	GlobalSection(SolutionProperties) = preSolution
		HideSolutionNode = FALSE
	EndGlobalSection
	GlobalSection(ExtensibilityGlobals) = postSolution
		SolutionGuid = {FCA54CAB-5F56-4245-902D-E3CC59719038}
	EndGlobalSection
EndGlobal
